
Microsoft Visual Studio Solution File, Format Version 12.00
# Visual Studio Version 17
VisualStudioVersion = 17.13.35931.197
MinimumVisualStudioVersion = 10.0.40219.1
Project("{FAE04EC0-301F-11D3-BF4B-00C04F79EFBC}") = "SchoolManagmentSystem.API", "SchoolManagmentSystem.API\SchoolManagmentSystem.API.csproj", "{34AF3482-2EA5-42D5-BDD7-364C2C990920}"
EndProject
Project("{FAE04EC0-301F-11D3-BF4B-00C04F79EFBC}") = "SchoolManagmentSystem.Data", "SchoolManagmentSystem.Data\SchoolManagmentSystem.Data.csproj", "{9D44AE8F-3EE9-430A-A11A-5E3D12CC1A12}"
EndProject
Project("{FAE04EC0-301F-11D3-BF4B-00C04F79EFBC}") = "SchoolManagmentSystem.Infrastructure", "SchoolManagmentSystem.Infrastructure\SchoolManagmentSystem.Infrastructure.csproj", "{8EE0E302-DA09-411E-85C1-4B930AC000A9}"
EndProject
Project("{FAE04EC0-301F-11D3-BF4B-00C04F79EFBC}") = "SchoolManagmentSystem.Service", "SchoolManagmentSystem.Service\SchoolManagmentSystem.Service.csproj", "{AA5292B6-AF02-4DBE-862E-732B5D4B932F}"
EndProject
Project("{FAE04EC0-301F-11D3-BF4B-00C04F79EFBC}") = "SchoolManagmentSystem.Core", "SchoolManagmentSystem.Core\SchoolManagmentSystem.Core.csproj", "{62C599CA-C25B-4E69-844E-8DA2E8C43151}"
EndProject
Global
	GlobalSection(SolutionConfigurationPlatforms) = preSolution
		Debug|Any CPU = Debug|Any CPU
		Release|Any CPU = Release|Any CPU
	EndGlobalSection
	GlobalSection(ProjectConfigurationPlatforms) = postSolution
		{34AF3482-2EA5-42D5-BDD7-364C2C990920}.Debug|Any CPU.ActiveCfg = Debug|Any CPU
		{34AF3482-2EA5-42D5-BDD7-364C2C990920}.Debug|Any CPU.Build.0 = Debug|Any CPU
		{34AF3482-2EA5-42D5-BDD7-364C2C990920}.Release|Any CPU.ActiveCfg = Release|Any CPU
		{34AF3482-2EA5-42D5-BDD7-364C2C990920}.Release|Any CPU.Build.0 = Release|Any CPU
		{9D44AE8F-3EE9-430A-A11A-5E3D12CC1A12}.Debug|Any CPU.ActiveCfg = Debug|Any CPU
		{9D44AE8F-3EE9-430A-A11A-5E3D12CC1A12}.Debug|Any CPU.Build.0 = Debug|Any CPU
		{9D44AE8F-3EE9-430A-A11A-5E3D12CC1A12}.Release|Any CPU.ActiveCfg = Release|Any CPU
		{9D44AE8F-3EE9-430A-A11A-5E3D12CC1A12}.Release|Any CPU.Build.0 = Release|Any CPU
		{8EE0E302-DA09-411E-85C1-4B930AC000A9}.Debug|Any CPU.ActiveCfg = Debug|Any CPU
		{8EE0E302-DA09-411E-85C1-4B930AC000A9}.Debug|Any CPU.Build.0 = Debug|Any CPU
		{8EE0E302-DA09-411E-85C1-4B930AC000A9}.Release|Any CPU.ActiveCfg = Release|Any CPU
		{8EE0E302-DA09-411E-85C1-4B930AC000A9}.Release|Any CPU.Build.0 = Release|Any CPU
		{AA5292B6-AF02-4DBE-862E-732B5D4B932F}.Debug|Any CPU.ActiveCfg = Debug|Any CPU
		{AA5292B6-AF02-4DBE-862E-732B5D4B932F}.Debug|Any CPU.Build.0 = Debug|Any CPU
		{AA5292B6-AF02-4DBE-862E-732B5D4B932F}.Release|Any CPU.ActiveCfg = Release|Any CPU
		{AA5292B6-AF02-4DBE-862E-732B5D4B932F}.Release|Any CPU.Build.0 = Release|Any CPU
		{62C599CA-C25B-4E69-844E-8DA2E8C43151}.Debug|Any CPU.ActiveCfg = Debug|Any CPU
		{62C599CA-C25B-4E69-844E-8DA2E8C43151}.Debug|Any CPU.Build.0 = Debug|Any CPU
		{62C599CA-C25B-4E69-844E-8DA2E8C43151}.Release|Any CPU.ActiveCfg = Release|Any CPU
		{62C599CA-C25B-4E69-844E-8DA2E8C43151}.Release|Any CPU.Build.0 = Release|Any CPU
	EndGlobalSection
	GlobalSection(SolutionProperties) = preSolution
		HideSolutionNode = FALSE
	EndGlobalSection
	GlobalSection(ExtensibilityGlobals) = postSolution
		SolutionGuid = {8816D78B-02E2-4755-B6CA-1EB478B6D3C6}
	EndGlobalSection
EndGlobal
